// !$*UTF8*$!
{
	archiveVersion = 1;
	classes = {
	};
	objectVersion = 56;
	objects = {

/* Begin PBXBuildFile section */
		7A1A22C22AA202C0000265B7 /* PostGalleryImageResponseModel.swift in Sources */ = {isa = PBXBuildFile; fileRef = 7A1A22C12AA202C0000265B7 /* PostGalleryImageResponseModel.swift */; };
		7A32C5E82AA2002400C85F55 /* SecuritySettingsVM.swift in Sources */ = {isa = PBXBuildFile; fileRef = 7A32C5E72AA2002400C85F55 /* SecuritySettingsVM.swift */; };
		7A32C5EA2AA2004B00C85F55 /* SecuritySettingsVC.swift in Sources */ = {isa = PBXBuildFile; fileRef = 7A32C5E92AA2004B00C85F55 /* SecuritySettingsVC.swift */; };
		7A7A8EBD2A9C9B78000681F6 /* AppDelegate.swift in Sources */ = {isa = PBXBuildFile; fileRef = 7A7A8EBC2A9C9B78000681F6 /* AppDelegate.swift */; };
		7A7A8EBF2A9C9B78000681F6 /* SceneDelegate.swift in Sources */ = {isa = PBXBuildFile; fileRef = 7A7A8EBE2A9C9B78000681F6 /* SceneDelegate.swift */; };
		7A7A8EC62A9C9B79000681F6 /* Assets.xcassets in Resources */ = {isa = PBXBuildFile; fileRef = 7A7A8EC52A9C9B79000681F6 /* Assets.xcassets */; };
		7A7A8EC92A9C9B79000681F6 /* LaunchScreen.storyboard in Resources */ = {isa = PBXBuildFile; fileRef = 7A7A8EC72A9C9B79000681F6 /* LaunchScreen.storyboard */; };
		7A7A8EE22A9C9BF1000681F6 /* Poppins-SemiBold.ttf in Resources */ = {isa = PBXBuildFile; fileRef = 7A7A8EDE2A9C9BF0000681F6 /* Poppins-SemiBold.ttf */; };
		7A7A8EE32A9C9BF1000681F6 /* Poppins-Light.ttf in Resources */ = {isa = PBXBuildFile; fileRef = 7A7A8EDF2A9C9BF0000681F6 /* Poppins-Light.ttf */; };
		7A7A8EE42A9C9BF1000681F6 /* Poppins-Regular.ttf in Resources */ = {isa = PBXBuildFile; fileRef = 7A7A8EE02A9C9BF1000681F6 /* Poppins-Regular.ttf */; };
		7A7A8EE52A9C9BF1000681F6 /* Poppins-Medium.ttf in Resources */ = {isa = PBXBuildFile; fileRef = 7A7A8EE12A9C9BF1000681F6 /* Poppins-Medium.ttf */; };
		7A7A8EE82A9C9C32000681F6 /* Alamofire in Frameworks */ = {isa = PBXBuildFile; productRef = 7A7A8EE72A9C9C32000681F6 /* Alamofire */; };
		7A7A8EEB2A9C9C44000681F6 /* TinyConstraints in Frameworks */ = {isa = PBXBuildFile; productRef = 7A7A8EEA2A9C9C44000681F6 /* TinyConstraints */; };
		7A7A8EEE2A9C9C55000681F6 /* SnapKit in Frameworks */ = {isa = PBXBuildFile; productRef = 7A7A8EED2A9C9C55000681F6 /* SnapKit */; };
		7A7A8EF12A9C9C8D000681F6 /* Kingfisher in Frameworks */ = {isa = PBXBuildFile; productRef = 7A7A8EF02A9C9C8D000681F6 /* Kingfisher */; };
		7A7A8EF52A9C9DD4000681F6 /* UserRegisterVC.swift in Sources */ = {isa = PBXBuildFile; fileRef = 7A7A8EF32A9C9DD4000681F6 /* UserRegisterVC.swift */; };
		7A7A8EF62A9C9DD4000681F6 /* UserLoginVC.swift in Sources */ = {isa = PBXBuildFile; fileRef = 7A7A8EF42A9C9DD4000681F6 /* UserLoginVC.swift */; };
		7A7A8F002A9C9E5F000681F6 /* VisitsVCViewModel.swift in Sources */ = {isa = PBXBuildFile; fileRef = 7A7A8EF82A9C9E5F000681F6 /* VisitsVCViewModel.swift */; };
		7A7A8F012A9C9E5F000681F6 /* VisitsVC.swift in Sources */ = {isa = PBXBuildFile; fileRef = 7A7A8EF92A9C9E5F000681F6 /* VisitsVC.swift */; };
		7A7A8F022A9C9E5F000681F6 /* MapVC.swift in Sources */ = {isa = PBXBuildFile; fileRef = 7A7A8EFA2A9C9E5F000681F6 /* MapVC.swift */; };
		7A7A8F032A9C9E5F000681F6 /* SettingsVC.swift in Sources */ = {isa = PBXBuildFile; fileRef = 7A7A8EFB2A9C9E5F000681F6 /* SettingsVC.swift */; };
		7A7A8F042A9C9E5F000681F6 /* DetailVisitsViewModel.swift in Sources */ = {isa = PBXBuildFile; fileRef = 7A7A8EFC2A9C9E5F000681F6 /* DetailVisitsViewModel.swift */; };
		7A7A8F052A9C9E5F000681F6 /* MapVCViewModel.swift in Sources */ = {isa = PBXBuildFile; fileRef = 7A7A8EFD2A9C9E5F000681F6 /* MapVCViewModel.swift */; };
		7A7A8F062A9C9E5F000681F6 /* MainTabbarController.swift in Sources */ = {isa = PBXBuildFile; fileRef = 7A7A8EFE2A9C9E5F000681F6 /* MainTabbarController.swift */; };
		7A7A8F072A9C9E5F000681F6 /* HomeVC.swift in Sources */ = {isa = PBXBuildFile; fileRef = 7A7A8EFF2A9C9E5F000681F6 /* HomeVC.swift */; };
		7A7A8F092A9C9E92000681F6 /* DetailVisitsVC.swift in Sources */ = {isa = PBXBuildFile; fileRef = 7A7A8F082A9C9E92000681F6 /* DetailVisitsVC.swift */; };
		7A7A8F0C2A9C9EAB000681F6 /* DetailVisitsCell.swift in Sources */ = {isa = PBXBuildFile; fileRef = 7A7A8F0B2A9C9EAB000681F6 /* DetailVisitsCell.swift */; };
		7A7A8F0F2A9C9EC9000681F6 /* MapCollectionCell.swift in Sources */ = {isa = PBXBuildFile; fileRef = 7A7A8F0E2A9C9EC9000681F6 /* MapCollectionCell.swift */; };
		7A7A8F122A9C9EDE000681F6 /* VisitsVCTableViewCell.swift in Sources */ = {isa = PBXBuildFile; fileRef = 7A7A8F112A9C9EDE000681F6 /* VisitsVCTableViewCell.swift */; };
		7A7A8F172A9C9F00000681F6 /* UserLoginVM.swift in Sources */ = {isa = PBXBuildFile; fileRef = 7A7A8F142A9C9F00000681F6 /* UserLoginVM.swift */; };
		7A7A8F182A9C9F00000681F6 /* UserRegisterVM.swift in Sources */ = {isa = PBXBuildFile; fileRef = 7A7A8F152A9C9F00000681F6 /* UserRegisterVM.swift */; };
		7A7A8F1D2A9C9F18000681F6 /* MapKit.swift in Sources */ = {isa = PBXBuildFile; fileRef = 7A7A8F1B2A9C9F18000681F6 /* MapKit.swift */; };
		7A7A8F1E2A9C9F18000681F6 /* User.swift in Sources */ = {isa = PBXBuildFile; fileRef = 7A7A8F1C2A9C9F18000681F6 /* User.swift */; };
		7A7A8F222A9C9F39000681F6 /* APIService.swift in Sources */ = {isa = PBXBuildFile; fileRef = 7A7A8F202A9C9F39000681F6 /* APIService.swift */; };
		7A7A8F232A9C9F39000681F6 /* Router.swift in Sources */ = {isa = PBXBuildFile; fileRef = 7A7A8F212A9C9F39000681F6 /* Router.swift */; };
		7A7A8F262A9C9F52000681F6 /* KeyChainHelper.swift in Sources */ = {isa = PBXBuildFile; fileRef = 7A7A8F252A9C9F52000681F6 /* KeyChainHelper.swift */; };
		7A7A8F292A9C9F67000681F6 /* UIView+UIImage.swift in Sources */ = {isa = PBXBuildFile; fileRef = 7A7A8F282A9C9F67000681F6 /* UIView+UIImage.swift */; };
		7A84AE3D2A9CCB5C00397420 /* AddNewPlaceVM.swift in Sources */ = {isa = PBXBuildFile; fileRef = 7A84AE3C2A9CCB5C00397420 /* AddNewPlaceVM.swift */; };
		7A84AE3F2A9CCB9F00397420 /* AddNewPlaceVC.swift in Sources */ = {isa = PBXBuildFile; fileRef = 7A84AE3E2A9CCB9F00397420 /* AddNewPlaceVC.swift */; };
		7AB4FB6A2AA711440011AA25 /* SeeAllVC.swift in Sources */ = {isa = PBXBuildFile; fileRef = 7AB4FB692AA711440011AA25 /* SeeAllVC.swift */; };
		7AB4FB6C2AA7157C0011AA25 /* SeeAllCell.swift in Sources */ = {isa = PBXBuildFile; fileRef = 7AB4FB6B2AA7157C0011AA25 /* SeeAllCell.swift */; };
		7ADDC1D22AAF2E8C00C00EF0 /* HelpAndSupportCollectionViewCell.swift in Sources */ = {isa = PBXBuildFile; fileRef = 7ADDC1D12AAF2E8C00C00EF0 /* HelpAndSupportCollectionViewCell.swift */; };
		86227F872AADDF7E000D6396 /* PermissionsHelper.swift in Sources */ = {isa = PBXBuildFile; fileRef = 86227F862AADDF7E000D6396 /* PermissionsHelper.swift */; };
		86227F8A2AAE3549000D6396 /* EditProfileVM.swift in Sources */ = {isa = PBXBuildFile; fileRef = 86227F892AAE3549000D6396 /* EditProfileVM.swift */; };
		86227F8C2AAE355B000D6396 /* EditProfileVC.swift in Sources */ = {isa = PBXBuildFile; fileRef = 86227F8B2AAE355B000D6396 /* EditProfileVC.swift */; };
		86227F902AAE5EB8000D6396 /* ProfilleModel.swift in Sources */ = {isa = PBXBuildFile; fileRef = 86227F8F2AAE5EB8000D6396 /* ProfilleModel.swift */; };
		86227F922AAF48D3000D6396 /* ChangePasswordResponseModel.swift in Sources */ = {isa = PBXBuildFile; fileRef = 86227F912AAF48D3000D6396 /* ChangePasswordResponseModel.swift */; };
		86227FD02AB1AAE4000D6396 /* CameraVC.swift in Sources */ = {isa = PBXBuildFile; fileRef = 86227FCF2AB1AAE4000D6396 /* CameraVC.swift */; };
		86227FD32AB2F809000D6396 /* IQKeyboardManagerSwift in Frameworks */ = {isa = PBXBuildFile; productRef = 86227FD22AB2F809000D6396 /* IQKeyboardManagerSwift */; };
		865F627C2A9D326900B84578 /* CustomComponentTextField.swift in Sources */ = {isa = PBXBuildFile; fileRef = 865F62752A9D326900B84578 /* CustomComponentTextField.swift */; };
		865F627D2A9D326900B84578 /* CustomColors.swift in Sources */ = {isa = PBXBuildFile; fileRef = 865F62762A9D326900B84578 /* CustomColors.swift */; };
		865F627E2A9D326900B84578 /* UICustomButton.swift in Sources */ = {isa = PBXBuildFile; fileRef = 865F62772A9D326900B84578 /* UICustomButton.swift */; };
		865F627F2A9D326900B84578 /* CustomFonts.swift in Sources */ = {isa = PBXBuildFile; fileRef = 865F62782A9D326900B84578 /* CustomFonts.swift */; };
		865F62802A9D326900B84578 /* UICustomLabel.swift in Sources */ = {isa = PBXBuildFile; fileRef = 865F62792A9D326900B84578 /* UICustomLabel.swift */; };
		865F62812A9D326900B84578 /* BackgroundView.swift in Sources */ = {isa = PBXBuildFile; fileRef = 865F627A2A9D326900B84578 /* BackgroundView.swift */; };
		865F62822A9D326900B84578 /* UICustomTextField.swift in Sources */ = {isa = PBXBuildFile; fileRef = 865F627B2A9D326900B84578 /* UICustomTextField.swift */; };
		865F62842A9D463300B84578 /* CustomComponentTextView.swift in Sources */ = {isa = PBXBuildFile; fileRef = 865F62832A9D463300B84578 /* CustomComponentTextView.swift */; };
		865F62862A9D586D00B84578 /* GalleryToUploadCell.swift in Sources */ = {isa = PBXBuildFile; fileRef = 865F62852A9D586D00B84578 /* GalleryToUploadCell.swift */; };
		865F62892A9F8E3E00B84578 /* UploadImageResponseModel.swift in Sources */ = {isa = PBXBuildFile; fileRef = 865F62882A9F8E3E00B84578 /* UploadImageResponseModel.swift */; };
		865F628B2A9FF03300B84578 /* PlacesModel.swift in Sources */ = {isa = PBXBuildFile; fileRef = 865F628A2A9FF03300B84578 /* PlacesModel.swift */; };
		86C477592AA3CEB300566549 /* MainViewController.swift in Sources */ = {isa = PBXBuildFile; fileRef = 86C477582AA3CEB300566549 /* MainViewController.swift */; };
		86C4775B2AA467C600566549 /* ChangePasswordSettingsCell.swift in Sources */ = {isa = PBXBuildFile; fileRef = 86C4775A2AA467C600566549 /* ChangePasswordSettingsCell.swift */; };
		86C4775D2AA494AF00566549 /* CustomComponentSwitch.swift in Sources */ = {isa = PBXBuildFile; fileRef = 86C4775C2AA494AF00566549 /* CustomComponentSwitch.swift */; };
		86C477602AA4980900566549 /* PrivacySettingsCell.swift in Sources */ = {isa = PBXBuildFile; fileRef = 86C4775F2AA4980900566549 /* PrivacySettingsCell.swift */; };
		86C4776A2AA90F1300566549 /* SeeAllVM.swift in Sources */ = {isa = PBXBuildFile; fileRef = 86C477692AA90F1300566549 /* SeeAllVM.swift */; };
		86C477812AACAE3100566549 /* AppDefaultVC.swift in Sources */ = {isa = PBXBuildFile; fileRef = 86C477802AACAE3100566549 /* AppDefaultVC.swift */; };
		86C477832AACAE4300566549 /* AppDefaultVM.swift in Sources */ = {isa = PBXBuildFile; fileRef = 86C477822AACAE4300566549 /* AppDefaultVM.swift */; };
		86C477852AACAE5800566549 /* HelpAndSupportVC.swift in Sources */ = {isa = PBXBuildFile; fileRef = 86C477842AACAE5800566549 /* HelpAndSupportVC.swift */; };
		86C477872AACAE6500566549 /* HelpAndSupportVM.swift in Sources */ = {isa = PBXBuildFile; fileRef = 86C477862AACAE6500566549 /* HelpAndSupportVM.swift */; };
		86C477892AACAE7B00566549 /* AboutVC.swift in Sources */ = {isa = PBXBuildFile; fileRef = 86C477882AACAE7B00566549 /* AboutVC.swift */; };
		86C4778B2AACAE8600566549 /* AboutVM.swift in Sources */ = {isa = PBXBuildFile; fileRef = 86C4778A2AACAE8600566549 /* AboutVM.swift */; };
		86C4778D2AACAE9A00566549 /* TermsOfUseVC.swift in Sources */ = {isa = PBXBuildFile; fileRef = 86C4778C2AACAE9A00566549 /* TermsOfUseVC.swift */; };
		86C4778F2AACAEA500566549 /* TermsOfUseVM.swift in Sources */ = {isa = PBXBuildFile; fileRef = 86C4778E2AACAEA500566549 /* TermsOfUseVM.swift */; };
		E5C0ED912A9F43CE00CFEEBC /* HomeViewModel.swift in Sources */ = {isa = PBXBuildFile; fileRef = E5C0ED902A9F43CE00CFEEBC /* HomeViewModel.swift */; };
		E5C0ED932A9F443200CFEEBC /* HomeTableViewCell.swift in Sources */ = {isa = PBXBuildFile; fileRef = E5C0ED922A9F443200CFEEBC /* HomeTableViewCell.swift */; };
		E5C0ED952A9F484E00CFEEBC /* HomeCollectionViewCell.swift in Sources */ = {isa = PBXBuildFile; fileRef = E5C0ED942A9F484E00CFEEBC /* HomeCollectionViewCell.swift */; };
		E5C0ED972AA106BF00CFEEBC /* SettingsViewModel.swift in Sources */ = {isa = PBXBuildFile; fileRef = E5C0ED962AA106BF00CFEEBC /* SettingsViewModel.swift */; };
		E5C0ED992AA110DF00CFEEBC /* SettingsCollectionViewCell.swift in Sources */ = {isa = PBXBuildFile; fileRef = E5C0ED982AA110DF00CFEEBC /* SettingsCollectionViewCell.swift */; };
		E5C0ED9D2AA4AB7000CFEEBC /* String.swift in Sources */ = {isa = PBXBuildFile; fileRef = E5C0ED9C2AA4AB7000CFEEBC /* String.swift */; };
		E5C0ED9F2AA5126900CFEEBC /* HomeModel.swift in Sources */ = {isa = PBXBuildFile; fileRef = E5C0ED9E2AA5126900CFEEBC /* HomeModel.swift */; };
		E5C0EDA12AA7B30300CFEEBC /* DetailVisitsModel.swift in Sources */ = {isa = PBXBuildFile; fileRef = E5C0EDA02AA7B30300CFEEBC /* DetailVisitsModel.swift */; };
		E5C0EDFF2AADBBCD00CFEEBC /* UICustomButtonBack.swift in Sources */ = {isa = PBXBuildFile; fileRef = E5C0EDFE2AADBBCD00CFEEBC /* UICustomButtonBack.swift */; };
/* End PBXBuildFile section */

/* Begin PBXFileReference section */
		7A1A22C12AA202C0000265B7 /* PostGalleryImageResponseModel.swift */ = {isa = PBXFileReference; lastKnownFileType = sourcecode.swift; path = PostGalleryImageResponseModel.swift; sourceTree = "<group>"; };
		7A32C5E72AA2002400C85F55 /* SecuritySettingsVM.swift */ = {isa = PBXFileReference; lastKnownFileType = sourcecode.swift; path = SecuritySettingsVM.swift; sourceTree = "<group>"; };
		7A32C5E92AA2004B00C85F55 /* SecuritySettingsVC.swift */ = {isa = PBXFileReference; lastKnownFileType = sourcecode.swift; path = SecuritySettingsVC.swift; sourceTree = "<group>"; };
		7A7A8EB92A9C9B78000681F6 /* TravioApp.app */ = {isa = PBXFileReference; explicitFileType = wrapper.application; includeInIndex = 0; path = TravioApp.app; sourceTree = BUILT_PRODUCTS_DIR; };
		7A7A8EBC2A9C9B78000681F6 /* AppDelegate.swift */ = {isa = PBXFileReference; lastKnownFileType = sourcecode.swift; path = AppDelegate.swift; sourceTree = "<group>"; };
		7A7A8EBE2A9C9B78000681F6 /* SceneDelegate.swift */ = {isa = PBXFileReference; lastKnownFileType = sourcecode.swift; path = SceneDelegate.swift; sourceTree = "<group>"; };
		7A7A8EC52A9C9B79000681F6 /* Assets.xcassets */ = {isa = PBXFileReference; lastKnownFileType = folder.assetcatalog; path = Assets.xcassets; sourceTree = "<group>"; };
		7A7A8EC82A9C9B79000681F6 /* Base */ = {isa = PBXFileReference; lastKnownFileType = file.storyboard; name = Base; path = Base.lproj/LaunchScreen.storyboard; sourceTree = "<group>"; };
		7A7A8ECA2A9C9B79000681F6 /* Info.plist */ = {isa = PBXFileReference; lastKnownFileType = text.plist.xml; path = Info.plist; sourceTree = "<group>"; };
		7A7A8EDE2A9C9BF0000681F6 /* Poppins-SemiBold.ttf */ = {isa = PBXFileReference; lastKnownFileType = file; path = "Poppins-SemiBold.ttf"; sourceTree = "<group>"; };
		7A7A8EDF2A9C9BF0000681F6 /* Poppins-Light.ttf */ = {isa = PBXFileReference; lastKnownFileType = file; path = "Poppins-Light.ttf"; sourceTree = "<group>"; };
		7A7A8EE02A9C9BF1000681F6 /* Poppins-Regular.ttf */ = {isa = PBXFileReference; lastKnownFileType = file; path = "Poppins-Regular.ttf"; sourceTree = "<group>"; };
		7A7A8EE12A9C9BF1000681F6 /* Poppins-Medium.ttf */ = {isa = PBXFileReference; lastKnownFileType = file; path = "Poppins-Medium.ttf"; sourceTree = "<group>"; };
		7A7A8EF32A9C9DD4000681F6 /* UserRegisterVC.swift */ = {isa = PBXFileReference; fileEncoding = 4; lastKnownFileType = sourcecode.swift; path = UserRegisterVC.swift; sourceTree = "<group>"; };
		7A7A8EF42A9C9DD4000681F6 /* UserLoginVC.swift */ = {isa = PBXFileReference; fileEncoding = 4; lastKnownFileType = sourcecode.swift; path = UserLoginVC.swift; sourceTree = "<group>"; };
		7A7A8EF82A9C9E5F000681F6 /* VisitsVCViewModel.swift */ = {isa = PBXFileReference; fileEncoding = 4; lastKnownFileType = sourcecode.swift; path = VisitsVCViewModel.swift; sourceTree = "<group>"; };
		7A7A8EF92A9C9E5F000681F6 /* VisitsVC.swift */ = {isa = PBXFileReference; fileEncoding = 4; lastKnownFileType = sourcecode.swift; path = VisitsVC.swift; sourceTree = "<group>"; };
		7A7A8EFA2A9C9E5F000681F6 /* MapVC.swift */ = {isa = PBXFileReference; fileEncoding = 4; lastKnownFileType = sourcecode.swift; path = MapVC.swift; sourceTree = "<group>"; };
		7A7A8EFB2A9C9E5F000681F6 /* SettingsVC.swift */ = {isa = PBXFileReference; fileEncoding = 4; lastKnownFileType = sourcecode.swift; path = SettingsVC.swift; sourceTree = "<group>"; };
		7A7A8EFC2A9C9E5F000681F6 /* DetailVisitsViewModel.swift */ = {isa = PBXFileReference; fileEncoding = 4; lastKnownFileType = sourcecode.swift; path = DetailVisitsViewModel.swift; sourceTree = "<group>"; };
		7A7A8EFD2A9C9E5F000681F6 /* MapVCViewModel.swift */ = {isa = PBXFileReference; fileEncoding = 4; lastKnownFileType = sourcecode.swift; path = MapVCViewModel.swift; sourceTree = "<group>"; };
		7A7A8EFE2A9C9E5F000681F6 /* MainTabbarController.swift */ = {isa = PBXFileReference; fileEncoding = 4; lastKnownFileType = sourcecode.swift; path = MainTabbarController.swift; sourceTree = "<group>"; };
		7A7A8EFF2A9C9E5F000681F6 /* HomeVC.swift */ = {isa = PBXFileReference; fileEncoding = 4; lastKnownFileType = sourcecode.swift; path = HomeVC.swift; sourceTree = "<group>"; };
		7A7A8F082A9C9E92000681F6 /* DetailVisitsVC.swift */ = {isa = PBXFileReference; fileEncoding = 4; lastKnownFileType = sourcecode.swift; path = DetailVisitsVC.swift; sourceTree = "<group>"; };
		7A7A8F0B2A9C9EAB000681F6 /* DetailVisitsCell.swift */ = {isa = PBXFileReference; fileEncoding = 4; lastKnownFileType = sourcecode.swift; path = DetailVisitsCell.swift; sourceTree = "<group>"; };
		7A7A8F0E2A9C9EC9000681F6 /* MapCollectionCell.swift */ = {isa = PBXFileReference; fileEncoding = 4; lastKnownFileType = sourcecode.swift; path = MapCollectionCell.swift; sourceTree = "<group>"; };
		7A7A8F112A9C9EDE000681F6 /* VisitsVCTableViewCell.swift */ = {isa = PBXFileReference; fileEncoding = 4; lastKnownFileType = sourcecode.swift; path = VisitsVCTableViewCell.swift; sourceTree = "<group>"; };
		7A7A8F142A9C9F00000681F6 /* UserLoginVM.swift */ = {isa = PBXFileReference; fileEncoding = 4; lastKnownFileType = sourcecode.swift; path = UserLoginVM.swift; sourceTree = "<group>"; };
		7A7A8F152A9C9F00000681F6 /* UserRegisterVM.swift */ = {isa = PBXFileReference; fileEncoding = 4; lastKnownFileType = sourcecode.swift; path = UserRegisterVM.swift; sourceTree = "<group>"; };
		7A7A8F1B2A9C9F18000681F6 /* MapKit.swift */ = {isa = PBXFileReference; fileEncoding = 4; lastKnownFileType = sourcecode.swift; path = MapKit.swift; sourceTree = "<group>"; };
		7A7A8F1C2A9C9F18000681F6 /* User.swift */ = {isa = PBXFileReference; fileEncoding = 4; lastKnownFileType = sourcecode.swift; path = User.swift; sourceTree = "<group>"; };
		7A7A8F202A9C9F39000681F6 /* APIService.swift */ = {isa = PBXFileReference; fileEncoding = 4; lastKnownFileType = sourcecode.swift; path = APIService.swift; sourceTree = "<group>"; };
		7A7A8F212A9C9F39000681F6 /* Router.swift */ = {isa = PBXFileReference; fileEncoding = 4; lastKnownFileType = sourcecode.swift; path = Router.swift; sourceTree = "<group>"; };
		7A7A8F252A9C9F52000681F6 /* KeyChainHelper.swift */ = {isa = PBXFileReference; fileEncoding = 4; lastKnownFileType = sourcecode.swift; path = KeyChainHelper.swift; sourceTree = "<group>"; };
		7A7A8F282A9C9F67000681F6 /* UIView+UIImage.swift */ = {isa = PBXFileReference; fileEncoding = 4; lastKnownFileType = sourcecode.swift; path = "UIView+UIImage.swift"; sourceTree = "<group>"; };
		7A84AE3C2A9CCB5C00397420 /* AddNewPlaceVM.swift */ = {isa = PBXFileReference; lastKnownFileType = sourcecode.swift; path = AddNewPlaceVM.swift; sourceTree = "<group>"; };
		7A84AE3E2A9CCB9F00397420 /* AddNewPlaceVC.swift */ = {isa = PBXFileReference; lastKnownFileType = sourcecode.swift; path = AddNewPlaceVC.swift; sourceTree = "<group>"; };
		7AB4FB692AA711440011AA25 /* SeeAllVC.swift */ = {isa = PBXFileReference; lastKnownFileType = sourcecode.swift; path = SeeAllVC.swift; sourceTree = "<group>"; };
		7AB4FB6B2AA7157C0011AA25 /* SeeAllCell.swift */ = {isa = PBXFileReference; lastKnownFileType = sourcecode.swift; path = SeeAllCell.swift; sourceTree = "<group>"; };
		7ADDC1D12AAF2E8C00C00EF0 /* HelpAndSupportCollectionViewCell.swift */ = {isa = PBXFileReference; lastKnownFileType = sourcecode.swift; path = HelpAndSupportCollectionViewCell.swift; sourceTree = "<group>"; };
		86227F862AADDF7E000D6396 /* PermissionsHelper.swift */ = {isa = PBXFileReference; lastKnownFileType = sourcecode.swift; path = PermissionsHelper.swift; sourceTree = "<group>"; };
		86227F892AAE3549000D6396 /* EditProfileVM.swift */ = {isa = PBXFileReference; lastKnownFileType = sourcecode.swift; path = EditProfileVM.swift; sourceTree = "<group>"; };
		86227F8B2AAE355B000D6396 /* EditProfileVC.swift */ = {isa = PBXFileReference; lastKnownFileType = sourcecode.swift; path = EditProfileVC.swift; sourceTree = "<group>"; };
		86227F8F2AAE5EB8000D6396 /* ProfilleModel.swift */ = {isa = PBXFileReference; lastKnownFileType = sourcecode.swift; path = ProfilleModel.swift; sourceTree = "<group>"; };
		86227F912AAF48D3000D6396 /* ChangePasswordResponseModel.swift */ = {isa = PBXFileReference; lastKnownFileType = sourcecode.swift; path = ChangePasswordResponseModel.swift; sourceTree = "<group>"; };
		86227FCF2AB1AAE4000D6396 /* CameraVC.swift */ = {isa = PBXFileReference; lastKnownFileType = sourcecode.swift; path = CameraVC.swift; sourceTree = "<group>"; };
		865F62752A9D326900B84578 /* CustomComponentTextField.swift */ = {isa = PBXFileReference; fileEncoding = 4; lastKnownFileType = sourcecode.swift; path = CustomComponentTextField.swift; sourceTree = "<group>"; };
		865F62762A9D326900B84578 /* CustomColors.swift */ = {isa = PBXFileReference; fileEncoding = 4; lastKnownFileType = sourcecode.swift; path = CustomColors.swift; sourceTree = "<group>"; };
		865F62772A9D326900B84578 /* UICustomButton.swift */ = {isa = PBXFileReference; fileEncoding = 4; lastKnownFileType = sourcecode.swift; path = UICustomButton.swift; sourceTree = "<group>"; };
		865F62782A9D326900B84578 /* CustomFonts.swift */ = {isa = PBXFileReference; fileEncoding = 4; lastKnownFileType = sourcecode.swift; path = CustomFonts.swift; sourceTree = "<group>"; };
		865F62792A9D326900B84578 /* UICustomLabel.swift */ = {isa = PBXFileReference; fileEncoding = 4; lastKnownFileType = sourcecode.swift; path = UICustomLabel.swift; sourceTree = "<group>"; };
		865F627A2A9D326900B84578 /* BackgroundView.swift */ = {isa = PBXFileReference; fileEncoding = 4; lastKnownFileType = sourcecode.swift; path = BackgroundView.swift; sourceTree = "<group>"; };
		865F627B2A9D326900B84578 /* UICustomTextField.swift */ = {isa = PBXFileReference; fileEncoding = 4; lastKnownFileType = sourcecode.swift; path = UICustomTextField.swift; sourceTree = "<group>"; };
		865F62832A9D463300B84578 /* CustomComponentTextView.swift */ = {isa = PBXFileReference; lastKnownFileType = sourcecode.swift; path = CustomComponentTextView.swift; sourceTree = "<group>"; };
		865F62852A9D586D00B84578 /* GalleryToUploadCell.swift */ = {isa = PBXFileReference; lastKnownFileType = sourcecode.swift; path = GalleryToUploadCell.swift; sourceTree = "<group>"; };
		865F62882A9F8E3E00B84578 /* UploadImageResponseModel.swift */ = {isa = PBXFileReference; lastKnownFileType = sourcecode.swift; path = UploadImageResponseModel.swift; sourceTree = "<group>"; };
		865F628A2A9FF03300B84578 /* PlacesModel.swift */ = {isa = PBXFileReference; lastKnownFileType = sourcecode.swift; path = PlacesModel.swift; sourceTree = "<group>"; };
		86C477582AA3CEB300566549 /* MainViewController.swift */ = {isa = PBXFileReference; lastKnownFileType = sourcecode.swift; path = MainViewController.swift; sourceTree = "<group>"; };
		86C4775A2AA467C600566549 /* ChangePasswordSettingsCell.swift */ = {isa = PBXFileReference; lastKnownFileType = sourcecode.swift; path = ChangePasswordSettingsCell.swift; sourceTree = "<group>"; };
		86C4775C2AA494AF00566549 /* CustomComponentSwitch.swift */ = {isa = PBXFileReference; lastKnownFileType = sourcecode.swift; path = CustomComponentSwitch.swift; sourceTree = "<group>"; };
		86C4775F2AA4980900566549 /* PrivacySettingsCell.swift */ = {isa = PBXFileReference; lastKnownFileType = sourcecode.swift; path = PrivacySettingsCell.swift; sourceTree = "<group>"; };
		86C477692AA90F1300566549 /* SeeAllVM.swift */ = {isa = PBXFileReference; lastKnownFileType = sourcecode.swift; path = SeeAllVM.swift; sourceTree = "<group>"; };
		86C477802AACAE3100566549 /* AppDefaultVC.swift */ = {isa = PBXFileReference; lastKnownFileType = sourcecode.swift; path = AppDefaultVC.swift; sourceTree = "<group>"; };
		86C477822AACAE4300566549 /* AppDefaultVM.swift */ = {isa = PBXFileReference; lastKnownFileType = sourcecode.swift; path = AppDefaultVM.swift; sourceTree = "<group>"; };
		86C477842AACAE5800566549 /* HelpAndSupportVC.swift */ = {isa = PBXFileReference; lastKnownFileType = sourcecode.swift; path = HelpAndSupportVC.swift; sourceTree = "<group>"; };
		86C477862AACAE6500566549 /* HelpAndSupportVM.swift */ = {isa = PBXFileReference; lastKnownFileType = sourcecode.swift; path = HelpAndSupportVM.swift; sourceTree = "<group>"; };
		86C477882AACAE7B00566549 /* AboutVC.swift */ = {isa = PBXFileReference; lastKnownFileType = sourcecode.swift; path = AboutVC.swift; sourceTree = "<group>"; };
		86C4778A2AACAE8600566549 /* AboutVM.swift */ = {isa = PBXFileReference; lastKnownFileType = sourcecode.swift; path = AboutVM.swift; sourceTree = "<group>"; };
		86C4778C2AACAE9A00566549 /* TermsOfUseVC.swift */ = {isa = PBXFileReference; lastKnownFileType = sourcecode.swift; path = TermsOfUseVC.swift; sourceTree = "<group>"; };
		86C4778E2AACAEA500566549 /* TermsOfUseVM.swift */ = {isa = PBXFileReference; lastKnownFileType = sourcecode.swift; path = TermsOfUseVM.swift; sourceTree = "<group>"; };
		E5C0ED902A9F43CE00CFEEBC /* HomeViewModel.swift */ = {isa = PBXFileReference; lastKnownFileType = sourcecode.swift; path = HomeViewModel.swift; sourceTree = "<group>"; };
		E5C0ED922A9F443200CFEEBC /* HomeTableViewCell.swift */ = {isa = PBXFileReference; lastKnownFileType = sourcecode.swift; path = HomeTableViewCell.swift; sourceTree = "<group>"; };
		E5C0ED942A9F484E00CFEEBC /* HomeCollectionViewCell.swift */ = {isa = PBXFileReference; lastKnownFileType = sourcecode.swift; path = HomeCollectionViewCell.swift; sourceTree = "<group>"; };
		E5C0ED962AA106BF00CFEEBC /* SettingsViewModel.swift */ = {isa = PBXFileReference; lastKnownFileType = sourcecode.swift; path = SettingsViewModel.swift; sourceTree = "<group>"; };
		E5C0ED982AA110DF00CFEEBC /* SettingsCollectionViewCell.swift */ = {isa = PBXFileReference; lastKnownFileType = sourcecode.swift; path = SettingsCollectionViewCell.swift; sourceTree = "<group>"; };
		E5C0ED9C2AA4AB7000CFEEBC /* String.swift */ = {isa = PBXFileReference; lastKnownFileType = sourcecode.swift; path = String.swift; sourceTree = "<group>"; };
		E5C0ED9E2AA5126900CFEEBC /* HomeModel.swift */ = {isa = PBXFileReference; lastKnownFileType = sourcecode.swift; path = HomeModel.swift; sourceTree = "<group>"; };
		E5C0EDA02AA7B30300CFEEBC /* DetailVisitsModel.swift */ = {isa = PBXFileReference; lastKnownFileType = sourcecode.swift; path = DetailVisitsModel.swift; sourceTree = "<group>"; };
		E5C0EDFE2AADBBCD00CFEEBC /* UICustomButtonBack.swift */ = {isa = PBXFileReference; lastKnownFileType = sourcecode.swift; path = UICustomButtonBack.swift; sourceTree = "<group>"; };
/* End PBXFileReference section */

/* Begin PBXFrameworksBuildPhase section */
		7A7A8EB62A9C9B78000681F6 /* Frameworks */ = {
			isa = PBXFrameworksBuildPhase;
			buildActionMask = 2147483647;
			files = (
				86227FD32AB2F809000D6396 /* IQKeyboardManagerSwift in Frameworks */,
				7A7A8EF12A9C9C8D000681F6 /* Kingfisher in Frameworks */,
				7A7A8EEE2A9C9C55000681F6 /* SnapKit in Frameworks */,
				7A7A8EE82A9C9C32000681F6 /* Alamofire in Frameworks */,
				7A7A8EEB2A9C9C44000681F6 /* TinyConstraints in Frameworks */,
			);
			runOnlyForDeploymentPostprocessing = 0;
		};
/* End PBXFrameworksBuildPhase section */

/* Begin PBXGroup section */
		7A32C5E62AA1FFED00C85F55 /* SecuritySettings */ = {
			isa = PBXGroup;
			children = (
				7A32C5E92AA2004B00C85F55 /* SecuritySettingsVC.swift */,
				86C4775A2AA467C600566549 /* ChangePasswordSettingsCell.swift */,
				86C4775F2AA4980900566549 /* PrivacySettingsCell.swift */,
				7A32C5E72AA2002400C85F55 /* SecuritySettingsVM.swift */,
				86227F912AAF48D3000D6396 /* ChangePasswordResponseModel.swift */,
			);
			path = SecuritySettings;
			sourceTree = "<group>";
		};
		7A7A8EB02A9C9B78000681F6 = {
			isa = PBXGroup;
			children = (
				7A7A8EBB2A9C9B78000681F6 /* TravioApp */,
				7A7A8EBA2A9C9B78000681F6 /* Products */,
			);
			sourceTree = "<group>";
		};
		7A7A8EBA2A9C9B78000681F6 /* Products */ = {
			isa = PBXGroup;
			children = (
				7A7A8EB92A9C9B78000681F6 /* TravioApp.app */,
			);
			name = Products;
			sourceTree = "<group>";
		};
		7A7A8EBB2A9C9B78000681F6 /* TravioApp */ = {
			isa = PBXGroup;
			children = (
				865F62742A9D324600B84578 /* CustomClasses */,
				7A7A8EBC2A9C9B78000681F6 /* AppDelegate.swift */,
				7A7A8EBE2A9C9B78000681F6 /* SceneDelegate.swift */,
				7A7A8F242A9C9F4B000681F6 /* Helper */,
				7A7A8F272A9C9F61000681F6 /* Extensions */,
				7A7A8F1F2A9C9F31000681F6 /* Service */,
				7A7A8EF72A9C9E05000681F6 /* TabBar */,
				7A7A8EF22A9C9DB8000681F6 /* Login */,
				7A84AE3A2A9CB4EF00397420 /* Register */,
				7A7A8F1A2A9C9F0F000681F6 /* Model */,
				7A7A8EC52A9C9B79000681F6 /* Assets.xcassets */,
				7A7A8EC72A9C9B79000681F6 /* LaunchScreen.storyboard */,
				7A7A8ECA2A9C9B79000681F6 /* Info.plist */,
				7A7A8EDF2A9C9BF0000681F6 /* Poppins-Light.ttf */,
				7A7A8EE12A9C9BF1000681F6 /* Poppins-Medium.ttf */,
				7A7A8EE02A9C9BF1000681F6 /* Poppins-Regular.ttf */,
				7A7A8EDE2A9C9BF0000681F6 /* Poppins-SemiBold.ttf */,
			);
			path = TravioApp;
			sourceTree = "<group>";
		};
		7A7A8EF22A9C9DB8000681F6 /* Login */ = {
			isa = PBXGroup;
			children = (
				7A7A8EF42A9C9DD4000681F6 /* UserLoginVC.swift */,
				7A7A8F142A9C9F00000681F6 /* UserLoginVM.swift */,
			);
			path = Login;
			sourceTree = "<group>";
		};
		7A7A8EF72A9C9E05000681F6 /* TabBar */ = {
			isa = PBXGroup;
			children = (
				7A7A8EFE2A9C9E5F000681F6 /* MainTabbarController.swift */,
				7A84AE372A9CB3EC00397420 /* Map */,
				7A84AE352A9CB33900397420 /* Home */,
				7A84AE362A9CB34E00397420 /* Visits */,
				7A84AE392A9CB4B400397420 /* Settings */,
			);
			path = TabBar;
			sourceTree = "<group>";
		};
		7A7A8F1A2A9C9F0F000681F6 /* Model */ = {
			isa = PBXGroup;
			children = (
				7A7A8F1B2A9C9F18000681F6 /* MapKit.swift */,
				7A7A8F1C2A9C9F18000681F6 /* User.swift */,
			);
			path = Model;
			sourceTree = "<group>";
		};
		7A7A8F1F2A9C9F31000681F6 /* Service */ = {
			isa = PBXGroup;
			children = (
				7A7A8F202A9C9F39000681F6 /* APIService.swift */,
				7A7A8F212A9C9F39000681F6 /* Router.swift */,
			);
			path = Service;
			sourceTree = "<group>";
		};
		7A7A8F242A9C9F4B000681F6 /* Helper */ = {
			isa = PBXGroup;
			children = (
				7A7A8F252A9C9F52000681F6 /* KeyChainHelper.swift */,
				86227F862AADDF7E000D6396 /* PermissionsHelper.swift */,
			);
			path = Helper;
			sourceTree = "<group>";
		};
		7A7A8F272A9C9F61000681F6 /* Extensions */ = {
			isa = PBXGroup;
			children = (
				7A7A8F282A9C9F67000681F6 /* UIView+UIImage.swift */,
				E5C0ED9C2AA4AB7000CFEEBC /* String.swift */,
			);
			path = Extensions;
			sourceTree = "<group>";
		};
		7A84AE352A9CB33900397420 /* Home */ = {
			isa = PBXGroup;
			children = (
				7AB4FB682AA710DD0011AA25 /* SeeAll */,
				7A7A8EFF2A9C9E5F000681F6 /* HomeVC.swift */,
				E5C0ED902A9F43CE00CFEEBC /* HomeViewModel.swift */,
				E5C0ED922A9F443200CFEEBC /* HomeTableViewCell.swift */,
				E5C0ED942A9F484E00CFEEBC /* HomeCollectionViewCell.swift */,
				E5C0ED9E2AA5126900CFEEBC /* HomeModel.swift */,
			);
			path = Home;
			sourceTree = "<group>";
		};
		7A84AE362A9CB34E00397420 /* Visits */ = {
			isa = PBXGroup;
			children = (
				7A84AE382A9CB42100397420 /* DetailVisits */,
				7A7A8F112A9C9EDE000681F6 /* VisitsVCTableViewCell.swift */,
				7A7A8EF92A9C9E5F000681F6 /* VisitsVC.swift */,
				7A7A8EF82A9C9E5F000681F6 /* VisitsVCViewModel.swift */,
			);
			path = Visits;
			sourceTree = "<group>";
		};
		7A84AE372A9CB3EC00397420 /* Map */ = {
			isa = PBXGroup;
			children = (
				7A84AE3B2A9CCB3B00397420 /* AddNewPlace */,
				7A7A8F0E2A9C9EC9000681F6 /* MapCollectionCell.swift */,
				7A7A8EFA2A9C9E5F000681F6 /* MapVC.swift */,
				7A7A8EFD2A9C9E5F000681F6 /* MapVCViewModel.swift */,
			);
			path = Map;
			sourceTree = "<group>";
		};
		7A84AE382A9CB42100397420 /* DetailVisits */ = {
			isa = PBXGroup;
			children = (
				7A7A8F0B2A9C9EAB000681F6 /* DetailVisitsCell.swift */,
				7A7A8F082A9C9E92000681F6 /* DetailVisitsVC.swift */,
				7A7A8EFC2A9C9E5F000681F6 /* DetailVisitsViewModel.swift */,
				E5C0EDA02AA7B30300CFEEBC /* DetailVisitsModel.swift */,
			);
			path = DetailVisits;
			sourceTree = "<group>";
		};
		7A84AE392A9CB4B400397420 /* Settings */ = {
			isa = PBXGroup;
			children = (
				86227F882AAE3527000D6396 /* EditProfile */,
				7A32C5E62AA1FFED00C85F55 /* SecuritySettings */,
				86C4777F2AACADB500566549 /* AppDefaults */,
				86C4777D2AACAD8800566549 /* HelpAndSupport */,
				86C4777C2AACAD8000566549 /* About */,
				86C4777E2AACAD9200566549 /* TermsOfUse */,
				7A7A8EFB2A9C9E5F000681F6 /* SettingsVC.swift */,
				E5C0ED982AA110DF00CFEEBC /* SettingsCollectionViewCell.swift */,
				E5C0ED962AA106BF00CFEEBC /* SettingsViewModel.swift */,
			);
			path = Settings;
			sourceTree = "<group>";
		};
		7A84AE3A2A9CB4EF00397420 /* Register */ = {
			isa = PBXGroup;
			children = (
				7A7A8EF32A9C9DD4000681F6 /* UserRegisterVC.swift */,
				7A7A8F152A9C9F00000681F6 /* UserRegisterVM.swift */,
			);
			path = Register;
			sourceTree = "<group>";
		};
		7A84AE3B2A9CCB3B00397420 /* AddNewPlace */ = {
			isa = PBXGroup;
			children = (
				7A84AE3E2A9CCB9F00397420 /* AddNewPlaceVC.swift */,
				7A84AE3C2A9CCB5C00397420 /* AddNewPlaceVM.swift */,
				865F62852A9D586D00B84578 /* GalleryToUploadCell.swift */,
				865F62882A9F8E3E00B84578 /* UploadImageResponseModel.swift */,
				7A1A22C12AA202C0000265B7 /* PostGalleryImageResponseModel.swift */,
				865F628A2A9FF03300B84578 /* PlacesModel.swift */,
			);
			path = AddNewPlace;
			sourceTree = "<group>";
		};
		7AB4FB682AA710DD0011AA25 /* SeeAll */ = {
			isa = PBXGroup;
			children = (
				7AB4FB692AA711440011AA25 /* SeeAllVC.swift */,
				86C477692AA90F1300566549 /* SeeAllVM.swift */,
				7AB4FB6B2AA7157C0011AA25 /* SeeAllCell.swift */,
			);
			path = SeeAll;
			sourceTree = "<group>";
		};
		86227F882AAE3527000D6396 /* EditProfile */ = {
			isa = PBXGroup;
			children = (
				86227FCF2AB1AAE4000D6396 /* CameraVC.swift */,
				86227F8B2AAE355B000D6396 /* EditProfileVC.swift */,
				86227F892AAE3549000D6396 /* EditProfileVM.swift */,
				86227F8F2AAE5EB8000D6396 /* ProfilleModel.swift */,
			);
			path = EditProfile;
			sourceTree = "<group>";
		};
		865F62742A9D324600B84578 /* CustomClasses */ = {
			isa = PBXGroup;
			children = (
				86C4775E2AA494E700566549 /* Components */,
				865F62762A9D326900B84578 /* CustomColors.swift */,
				865F62782A9D326900B84578 /* CustomFonts.swift */,
				865F62772A9D326900B84578 /* UICustomButton.swift */,
				E5C0EDFE2AADBBCD00CFEEBC /* UICustomButtonBack.swift */,
				865F62792A9D326900B84578 /* UICustomLabel.swift */,
				865F627B2A9D326900B84578 /* UICustomTextField.swift */,
			);
			path = CustomClasses;
			sourceTree = "<group>";
		};
		86C4775E2AA494E700566549 /* Components */ = {
			isa = PBXGroup;
			children = (
				865F62752A9D326900B84578 /* CustomComponentTextField.swift */,
				865F62832A9D463300B84578 /* CustomComponentTextView.swift */,
				86C4775C2AA494AF00566549 /* CustomComponentSwitch.swift */,
				865F627A2A9D326900B84578 /* BackgroundView.swift */,
				86C477582AA3CEB300566549 /* MainViewController.swift */,
			);
			path = Components;
			sourceTree = "<group>";
		};
		86C4777C2AACAD8000566549 /* About */ = {
			isa = PBXGroup;
			children = (
				86C477882AACAE7B00566549 /* AboutVC.swift */,
				86C4778A2AACAE8600566549 /* AboutVM.swift */,
			);
			path = About;
			sourceTree = "<group>";
		};
		86C4777D2AACAD8800566549 /* HelpAndSupport */ = {
			isa = PBXGroup;
			children = (
				86C477842AACAE5800566549 /* HelpAndSupportVC.swift */,
				7ADDC1D12AAF2E8C00C00EF0 /* HelpAndSupportCollectionViewCell.swift */,
				86C477862AACAE6500566549 /* HelpAndSupportVM.swift */,
			);
			path = HelpAndSupport;
			sourceTree = "<group>";
		};
		86C4777E2AACAD9200566549 /* TermsOfUse */ = {
			isa = PBXGroup;
			children = (
				86C4778C2AACAE9A00566549 /* TermsOfUseVC.swift */,
				86C4778E2AACAEA500566549 /* TermsOfUseVM.swift */,
			);
			path = TermsOfUse;
			sourceTree = "<group>";
		};
		86C4777F2AACADB500566549 /* AppDefaults */ = {
			isa = PBXGroup;
			children = (
				86C477802AACAE3100566549 /* AppDefaultVC.swift */,
				86C477822AACAE4300566549 /* AppDefaultVM.swift */,
			);
			path = AppDefaults;
			sourceTree = "<group>";
		};
/* End PBXGroup section */

/* Begin PBXNativeTarget section */
		7A7A8EB82A9C9B78000681F6 /* TravioApp */ = {
			isa = PBXNativeTarget;
			buildConfigurationList = 7A7A8ECD2A9C9B79000681F6 /* Build configuration list for PBXNativeTarget "TravioApp" */;
			buildPhases = (
				7A7A8EB52A9C9B78000681F6 /* Sources */,
				7A7A8EB62A9C9B78000681F6 /* Frameworks */,
				7A7A8EB72A9C9B78000681F6 /* Resources */,
			);
			buildRules = (
			);
			dependencies = (
			);
			name = TravioApp;
			packageProductDependencies = (
				7A7A8EE72A9C9C32000681F6 /* Alamofire */,
				7A7A8EEA2A9C9C44000681F6 /* TinyConstraints */,
				7A7A8EED2A9C9C55000681F6 /* SnapKit */,
				7A7A8EF02A9C9C8D000681F6 /* Kingfisher */,
				86227FD22AB2F809000D6396 /* IQKeyboardManagerSwift */,
			);
			productName = TravioApp;
			productReference = 7A7A8EB92A9C9B78000681F6 /* TravioApp.app */;
			productType = "com.apple.product-type.application";
		};
/* End PBXNativeTarget section */

/* Begin PBXProject section */
		7A7A8EB12A9C9B78000681F6 /* Project object */ = {
			isa = PBXProject;
			attributes = {
				BuildIndependentTargetsInParallel = 1;
				LastSwiftUpdateCheck = 1430;
				LastUpgradeCheck = 1430;
				TargetAttributes = {
					7A7A8EB82A9C9B78000681F6 = {
						CreatedOnToolsVersion = 14.3.1;
					};
				};
			};
			buildConfigurationList = 7A7A8EB42A9C9B78000681F6 /* Build configuration list for PBXProject "TravioApp" */;
			compatibilityVersion = "Xcode 14.0";
			developmentRegion = en;
			hasScannedForEncodings = 0;
			knownRegions = (
				en,
				Base,
			);
			mainGroup = 7A7A8EB02A9C9B78000681F6;
			packageReferences = (
				7A7A8EE62A9C9C32000681F6 /* XCRemoteSwiftPackageReference "Alamofire" */,
				7A7A8EE92A9C9C44000681F6 /* XCRemoteSwiftPackageReference "TinyConstraints" */,
				7A7A8EEC2A9C9C55000681F6 /* XCRemoteSwiftPackageReference "SnapKit" */,
				7A7A8EEF2A9C9C8D000681F6 /* XCRemoteSwiftPackageReference "Kingfisher" */,
				86227FD12AB2F808000D6396 /* XCRemoteSwiftPackageReference "IQKeyboardManager" */,
			);
			productRefGroup = 7A7A8EBA2A9C9B78000681F6 /* Products */;
			projectDirPath = "";
			projectRoot = "";
			targets = (
				7A7A8EB82A9C9B78000681F6 /* TravioApp */,
			);
		};
/* End PBXProject section */

/* Begin PBXResourcesBuildPhase section */
		7A7A8EB72A9C9B78000681F6 /* Resources */ = {
			isa = PBXResourcesBuildPhase;
			buildActionMask = 2147483647;
			files = (
				7A7A8EE52A9C9BF1000681F6 /* Poppins-Medium.ttf in Resources */,
				7A7A8EE42A9C9BF1000681F6 /* Poppins-Regular.ttf in Resources */,
				7A7A8EE22A9C9BF1000681F6 /* Poppins-SemiBold.ttf in Resources */,
				7A7A8EC92A9C9B79000681F6 /* LaunchScreen.storyboard in Resources */,
				7A7A8EC62A9C9B79000681F6 /* Assets.xcassets in Resources */,
				7A7A8EE32A9C9BF1000681F6 /* Poppins-Light.ttf in Resources */,
			);
			runOnlyForDeploymentPostprocessing = 0;
		};
/* End PBXResourcesBuildPhase section */

/* Begin PBXSourcesBuildPhase section */
		7A7A8EB52A9C9B78000681F6 /* Sources */ = {
			isa = PBXSourcesBuildPhase;
			buildActionMask = 2147483647;
			files = (
				865F627E2A9D326900B84578 /* UICustomButton.swift in Sources */,
				7A7A8EF52A9C9DD4000681F6 /* UserRegisterVC.swift in Sources */,
				86227F8A2AAE3549000D6396 /* EditProfileVM.swift in Sources */,
				7A7A8F292A9C9F67000681F6 /* UIView+UIImage.swift in Sources */,
				86C477832AACAE4300566549 /* AppDefaultVM.swift in Sources */,
				7A7A8F1D2A9C9F18000681F6 /* MapKit.swift in Sources */,
				86C477812AACAE3100566549 /* AppDefaultVC.swift in Sources */,
				86C477592AA3CEB300566549 /* MainViewController.swift in Sources */,
				E5C0ED952A9F484E00CFEEBC /* HomeCollectionViewCell.swift in Sources */,
				86227F8C2AAE355B000D6396 /* EditProfileVC.swift in Sources */,
				7A7A8F002A9C9E5F000681F6 /* VisitsVCViewModel.swift in Sources */,
				865F62892A9F8E3E00B84578 /* UploadImageResponseModel.swift in Sources */,
				7AB4FB6A2AA711440011AA25 /* SeeAllVC.swift in Sources */,
				E5C0ED932A9F443200CFEEBC /* HomeTableViewCell.swift in Sources */,
				865F627D2A9D326900B84578 /* CustomColors.swift in Sources */,
				865F62802A9D326900B84578 /* UICustomLabel.swift in Sources */,
				7A32C5E82AA2002400C85F55 /* SecuritySettingsVM.swift in Sources */,
				7A7A8F0C2A9C9EAB000681F6 /* DetailVisitsCell.swift in Sources */,
				86227FD02AB1AAE4000D6396 /* CameraVC.swift in Sources */,
				7A7A8F172A9C9F00000681F6 /* UserLoginVM.swift in Sources */,
				7AB4FB6C2AA7157C0011AA25 /* SeeAllCell.swift in Sources */,
				E5C0ED912A9F43CE00CFEEBC /* HomeViewModel.swift in Sources */,
				7A7A8F062A9C9E5F000681F6 /* MainTabbarController.swift in Sources */,
				E5C0ED972AA106BF00CFEEBC /* SettingsViewModel.swift in Sources */,
				7A7A8F052A9C9E5F000681F6 /* MapVCViewModel.swift in Sources */,
				7A7A8F072A9C9E5F000681F6 /* HomeVC.swift in Sources */,
				7A7A8F092A9C9E92000681F6 /* DetailVisitsVC.swift in Sources */,
				86C477872AACAE6500566549 /* HelpAndSupportVM.swift in Sources */,
				E5C0ED9F2AA5126900CFEEBC /* HomeModel.swift in Sources */,
				7A1A22C22AA202C0000265B7 /* PostGalleryImageResponseModel.swift in Sources */,
				86C477602AA4980900566549 /* PrivacySettingsCell.swift in Sources */,
				865F62822A9D326900B84578 /* UICustomTextField.swift in Sources */,
				86C4775B2AA467C600566549 /* ChangePasswordSettingsCell.swift in Sources */,
				7A7A8F1E2A9C9F18000681F6 /* User.swift in Sources */,
				865F628B2A9FF03300B84578 /* PlacesModel.swift in Sources */,
				86227F922AAF48D3000D6396 /* ChangePasswordResponseModel.swift in Sources */,
				7A7A8F042A9C9E5F000681F6 /* DetailVisitsViewModel.swift in Sources */,
				86227F902AAE5EB8000D6396 /* ProfilleModel.swift in Sources */,
				86227F872AADDF7E000D6396 /* PermissionsHelper.swift in Sources */,
				86C477892AACAE7B00566549 /* AboutVC.swift in Sources */,
				7A7A8EBD2A9C9B78000681F6 /* AppDelegate.swift in Sources */,
				7A7A8EF62A9C9DD4000681F6 /* UserLoginVC.swift in Sources */,
				7A7A8F032A9C9E5F000681F6 /* SettingsVC.swift in Sources */,
				7A7A8F232A9C9F39000681F6 /* Router.swift in Sources */,
				865F627C2A9D326900B84578 /* CustomComponentTextField.swift in Sources */,
				7A32C5EA2AA2004B00C85F55 /* SecuritySettingsVC.swift in Sources */,
				7A7A8F182A9C9F00000681F6 /* UserRegisterVM.swift in Sources */,
				7A7A8F0F2A9C9EC9000681F6 /* MapCollectionCell.swift in Sources */,
				865F62862A9D586D00B84578 /* GalleryToUploadCell.swift in Sources */,
				E5C0EDA12AA7B30300CFEEBC /* DetailVisitsModel.swift in Sources */,
				7A7A8F222A9C9F39000681F6 /* APIService.swift in Sources */,
				865F62842A9D463300B84578 /* CustomComponentTextView.swift in Sources */,
				865F62812A9D326900B84578 /* BackgroundView.swift in Sources */,
				86C4775D2AA494AF00566549 /* CustomComponentSwitch.swift in Sources */,
				865F627F2A9D326900B84578 /* CustomFonts.swift in Sources */,
				7A7A8F022A9C9E5F000681F6 /* MapVC.swift in Sources */,
				7A84AE3D2A9CCB5C00397420 /* AddNewPlaceVM.swift in Sources */,
				E5C0ED992AA110DF00CFEEBC /* SettingsCollectionViewCell.swift in Sources */,
				7A7A8F262A9C9F52000681F6 /* KeyChainHelper.swift in Sources */,
				86C477852AACAE5800566549 /* HelpAndSupportVC.swift in Sources */,
				7A7A8F012A9C9E5F000681F6 /* VisitsVC.swift in Sources */,
				86C4778B2AACAE8600566549 /* AboutVM.swift in Sources */,
				7A7A8EBF2A9C9B78000681F6 /* SceneDelegate.swift in Sources */,
				86C4776A2AA90F1300566549 /* SeeAllVM.swift in Sources */,
				86C4778D2AACAE9A00566549 /* TermsOfUseVC.swift in Sources */,
				7A84AE3F2A9CCB9F00397420 /* AddNewPlaceVC.swift in Sources */,
				86C4778F2AACAEA500566549 /* TermsOfUseVM.swift in Sources */,
				E5C0EDFF2AADBBCD00CFEEBC /* UICustomButtonBack.swift in Sources */,
				7A7A8F122A9C9EDE000681F6 /* VisitsVCTableViewCell.swift in Sources */,
				E5C0ED9D2AA4AB7000CFEEBC /* String.swift in Sources */,
				7ADDC1D22AAF2E8C00C00EF0 /* HelpAndSupportCollectionViewCell.swift in Sources */,
			);
			runOnlyForDeploymentPostprocessing = 0;
		};
/* End PBXSourcesBuildPhase section */

/* Begin PBXVariantGroup section */
		7A7A8EC72A9C9B79000681F6 /* LaunchScreen.storyboard */ = {
			isa = PBXVariantGroup;
			children = (
				7A7A8EC82A9C9B79000681F6 /* Base */,
			);
			name = LaunchScreen.storyboard;
			sourceTree = "<group>";
		};
/* End PBXVariantGroup section */

/* Begin XCBuildConfiguration section */
		7A7A8ECB2A9C9B79000681F6 /* Debug */ = {
			isa = XCBuildConfiguration;
			buildSettings = {
				ALWAYS_SEARCH_USER_PATHS = NO;
				CLANG_ANALYZER_NONNULL = YES;
				CLANG_ANALYZER_NUMBER_OBJECT_CONVERSION = YES_AGGRESSIVE;
				CLANG_CXX_LANGUAGE_STANDARD = "gnu++20";
				CLANG_ENABLE_MODULES = YES;
				CLANG_ENABLE_OBJC_ARC = YES;
				CLANG_ENABLE_OBJC_WEAK = YES;
				CLANG_WARN_BLOCK_CAPTURE_AUTORELEASING = YES;
				CLANG_WARN_BOOL_CONVERSION = YES;
				CLANG_WARN_COMMA = YES;
				CLANG_WARN_CONSTANT_CONVERSION = YES;
				CLANG_WARN_DEPRECATED_OBJC_IMPLEMENTATIONS = YES;
				CLANG_WARN_DIRECT_OBJC_ISA_USAGE = YES_ERROR;
				CLANG_WARN_DOCUMENTATION_COMMENTS = YES;
				CLANG_WARN_EMPTY_BODY = YES;
				CLANG_WARN_ENUM_CONVERSION = YES;
				CLANG_WARN_INFINITE_RECURSION = YES;
				CLANG_WARN_INT_CONVERSION = YES;
				CLANG_WARN_NON_LITERAL_NULL_CONVERSION = YES;
				CLANG_WARN_OBJC_IMPLICIT_RETAIN_SELF = YES;
				CLANG_WARN_OBJC_LITERAL_CONVERSION = YES;
				CLANG_WARN_OBJC_ROOT_CLASS = YES_ERROR;
				CLANG_WARN_QUOTED_INCLUDE_IN_FRAMEWORK_HEADER = YES;
				CLANG_WARN_RANGE_LOOP_ANALYSIS = YES;
				CLANG_WARN_STRICT_PROTOTYPES = YES;
				CLANG_WARN_SUSPICIOUS_MOVE = YES;
				CLANG_WARN_UNGUARDED_AVAILABILITY = YES_AGGRESSIVE;
				CLANG_WARN_UNREACHABLE_CODE = YES;
				CLANG_WARN__DUPLICATE_METHOD_MATCH = YES;
				COPY_PHASE_STRIP = NO;
				DEBUG_INFORMATION_FORMAT = dwarf;
				ENABLE_STRICT_OBJC_MSGSEND = YES;
				ENABLE_TESTABILITY = YES;
				GCC_C_LANGUAGE_STANDARD = gnu11;
				GCC_DYNAMIC_NO_PIC = NO;
				GCC_NO_COMMON_BLOCKS = YES;
				GCC_OPTIMIZATION_LEVEL = 0;
				GCC_PREPROCESSOR_DEFINITIONS = (
					"DEBUG=1",
					"$(inherited)",
				);
				GCC_WARN_64_TO_32_BIT_CONVERSION = YES;
				GCC_WARN_ABOUT_RETURN_TYPE = YES_ERROR;
				GCC_WARN_UNDECLARED_SELECTOR = YES;
				GCC_WARN_UNINITIALIZED_AUTOS = YES_AGGRESSIVE;
				GCC_WARN_UNUSED_FUNCTION = YES;
				GCC_WARN_UNUSED_VARIABLE = YES;
				IPHONEOS_DEPLOYMENT_TARGET = 16.4;
				MTL_ENABLE_DEBUG_INFO = INCLUDE_SOURCE;
				MTL_FAST_MATH = YES;
				ONLY_ACTIVE_ARCH = YES;
				SDKROOT = iphoneos;
				SWIFT_ACTIVE_COMPILATION_CONDITIONS = DEBUG;
				SWIFT_OPTIMIZATION_LEVEL = "-Onone";
			};
			name = Debug;
		};
		7A7A8ECC2A9C9B79000681F6 /* Release */ = {
			isa = XCBuildConfiguration;
			buildSettings = {
				ALWAYS_SEARCH_USER_PATHS = NO;
				CLANG_ANALYZER_NONNULL = YES;
				CLANG_ANALYZER_NUMBER_OBJECT_CONVERSION = YES_AGGRESSIVE;
				CLANG_CXX_LANGUAGE_STANDARD = "gnu++20";
				CLANG_ENABLE_MODULES = YES;
				CLANG_ENABLE_OBJC_ARC = YES;
				CLANG_ENABLE_OBJC_WEAK = YES;
				CLANG_WARN_BLOCK_CAPTURE_AUTORELEASING = YES;
				CLANG_WARN_BOOL_CONVERSION = YES;
				CLANG_WARN_COMMA = YES;
				CLANG_WARN_CONSTANT_CONVERSION = YES;
				CLANG_WARN_DEPRECATED_OBJC_IMPLEMENTATIONS = YES;
				CLANG_WARN_DIRECT_OBJC_ISA_USAGE = YES_ERROR;
				CLANG_WARN_DOCUMENTATION_COMMENTS = YES;
				CLANG_WARN_EMPTY_BODY = YES;
				CLANG_WARN_ENUM_CONVERSION = YES;
				CLANG_WARN_INFINITE_RECURSION = YES;
				CLANG_WARN_INT_CONVERSION = YES;
				CLANG_WARN_NON_LITERAL_NULL_CONVERSION = YES;
				CLANG_WARN_OBJC_IMPLICIT_RETAIN_SELF = YES;
				CLANG_WARN_OBJC_LITERAL_CONVERSION = YES;
				CLANG_WARN_OBJC_ROOT_CLASS = YES_ERROR;
				CLANG_WARN_QUOTED_INCLUDE_IN_FRAMEWORK_HEADER = YES;
				CLANG_WARN_RANGE_LOOP_ANALYSIS = YES;
				CLANG_WARN_STRICT_PROTOTYPES = YES;
				CLANG_WARN_SUSPICIOUS_MOVE = YES;
				CLANG_WARN_UNGUARDED_AVAILABILITY = YES_AGGRESSIVE;
				CLANG_WARN_UNREACHABLE_CODE = YES;
				CLANG_WARN__DUPLICATE_METHOD_MATCH = YES;
				COPY_PHASE_STRIP = NO;
				DEBUG_INFORMATION_FORMAT = "dwarf-with-dsym";
				ENABLE_NS_ASSERTIONS = NO;
				ENABLE_STRICT_OBJC_MSGSEND = YES;
				GCC_C_LANGUAGE_STANDARD = gnu11;
				GCC_NO_COMMON_BLOCKS = YES;
				GCC_WARN_64_TO_32_BIT_CONVERSION = YES;
				GCC_WARN_ABOUT_RETURN_TYPE = YES_ERROR;
				GCC_WARN_UNDECLARED_SELECTOR = YES;
				GCC_WARN_UNINITIALIZED_AUTOS = YES_AGGRESSIVE;
				GCC_WARN_UNUSED_FUNCTION = YES;
				GCC_WARN_UNUSED_VARIABLE = YES;
				IPHONEOS_DEPLOYMENT_TARGET = 16.4;
				MTL_ENABLE_DEBUG_INFO = NO;
				MTL_FAST_MATH = YES;
				SDKROOT = iphoneos;
				SWIFT_COMPILATION_MODE = wholemodule;
				SWIFT_OPTIMIZATION_LEVEL = "-O";
				VALIDATE_PRODUCT = YES;
			};
			name = Release;
		};
		7A7A8ECE2A9C9B79000681F6 /* Debug */ = {
			isa = XCBuildConfiguration;
			buildSettings = {
				ASSETCATALOG_COMPILER_APPICON_NAME = AppIcon;
				ASSETCATALOG_COMPILER_GLOBAL_ACCENT_COLOR_NAME = AccentColor;
				CODE_SIGN_STYLE = Automatic;
				CURRENT_PROJECT_VERSION = 1;
				DEVELOPMENT_TEAM = KC8H2C7U9K;
				GENERATE_INFOPLIST_FILE = YES;
				INFOPLIST_FILE = TravioApp/Info.plist;
				INFOPLIST_KEY_NSCameraUsageDescription = "Permission to access your camera is required to use the photo capture function.";
				INFOPLIST_KEY_NSLocationWhenInUseUsageDescription = "Permission to access your location is required to use the location.";
				INFOPLIST_KEY_NSPhotoLibraryAddUsageDescription = "Permission to access your gallery is required to use the photo selection function.";
				INFOPLIST_KEY_NSPhotoLibraryUsageDescription = "Permission to access your gallery is required to use the photo selection function.";
				INFOPLIST_KEY_UIApplicationSupportsIndirectInputEvents = YES;
				INFOPLIST_KEY_UILaunchStoryboardName = LaunchScreen;
				INFOPLIST_KEY_UISupportedInterfaceOrientations_iPad = "UIInterfaceOrientationPortrait UIInterfaceOrientationPortraitUpsideDown UIInterfaceOrientationLandscapeLeft UIInterfaceOrientationLandscapeRight";
				INFOPLIST_KEY_UISupportedInterfaceOrientations_iPhone = "UIInterfaceOrientationPortrait UIInterfaceOrientationLandscapeLeft UIInterfaceOrientationLandscapeRight";
				LD_RUNPATH_SEARCH_PATHS = (
					"$(inherited)",
					"@executable_path/Frameworks",
				);
				MARKETING_VERSION = 1.0;
				PRODUCT_BUNDLE_IDENTIFIER = iosclass.TravioApp;
				PRODUCT_NAME = "$(TARGET_NAME)";
				SWIFT_EMIT_LOC_STRINGS = YES;
				SWIFT_VERSION = 5.0;
				TARGETED_DEVICE_FAMILY = "1,2";
			};
			name = Debug;
		};
		7A7A8ECF2A9C9B79000681F6 /* Release */ = {
			isa = XCBuildConfiguration;
			buildSettings = {
				ASSETCATALOG_COMPILER_APPICON_NAME = AppIcon;
				ASSETCATALOG_COMPILER_GLOBAL_ACCENT_COLOR_NAME = AccentColor;
				CODE_SIGN_STYLE = Automatic;
				CURRENT_PROJECT_VERSION = 1;
				DEVELOPMENT_TEAM = KC8H2C7U9K;
				GENERATE_INFOPLIST_FILE = YES;
				INFOPLIST_FILE = TravioApp/Info.plist;
				INFOPLIST_KEY_NSCameraUsageDescription = "Permission to access your camera is required to use the photo capture function.";
				INFOPLIST_KEY_NSLocationWhenInUseUsageDescription = "Permission to access your location is required to use the location.";
				INFOPLIST_KEY_NSPhotoLibraryAddUsageDescription = "Permission to access your gallery is required to use the photo selection function.";
				INFOPLIST_KEY_NSPhotoLibraryUsageDescription = "Permission to access your gallery is required to use the photo selection function.";
				INFOPLIST_KEY_UIApplicationSupportsIndirectInputEvents = YES;
				INFOPLIST_KEY_UILaunchStoryboardName = LaunchScreen;
				INFOPLIST_KEY_UISupportedInterfaceOrientations_iPad = "UIInterfaceOrientationPortrait UIInterfaceOrientationPortraitUpsideDown UIInterfaceOrientationLandscapeLeft UIInterfaceOrientationLandscapeRight";
				INFOPLIST_KEY_UISupportedInterfaceOrientations_iPhone = "UIInterfaceOrientationPortrait UIInterfaceOrientationLandscapeLeft UIInterfaceOrientationLandscapeRight";
				LD_RUNPATH_SEARCH_PATHS = (
					"$(inherited)",
					"@executable_path/Frameworks",
				);
				MARKETING_VERSION = 1.0;
				PRODUCT_BUNDLE_IDENTIFIER = iosclass.TravioApp;
				PRODUCT_NAME = "$(TARGET_NAME)";
				SWIFT_EMIT_LOC_STRINGS = YES;
				SWIFT_VERSION = 5.0;
				TARGETED_DEVICE_FAMILY = "1,2";
			};
			name = Release;
		};
/* End XCBuildConfiguration section */

/* Begin XCConfigurationList section */
		7A7A8EB42A9C9B78000681F6 /* Build configuration list for PBXProject "TravioApp" */ = {
			isa = XCConfigurationList;
			buildConfigurations = (
				7A7A8ECB2A9C9B79000681F6 /* Debug */,
				7A7A8ECC2A9C9B79000681F6 /* Release */,
			);
			defaultConfigurationIsVisible = 0;
			defaultConfigurationName = Release;
		};
		7A7A8ECD2A9C9B79000681F6 /* Build configuration list for PBXNativeTarget "TravioApp" */ = {
			isa = XCConfigurationList;
			buildConfigurations = (
				7A7A8ECE2A9C9B79000681F6 /* Debug */,
				7A7A8ECF2A9C9B79000681F6 /* Release */,
			);
			defaultConfigurationIsVisible = 0;
			defaultConfigurationName = Release;
		};
/* End XCConfigurationList section */

/* Begin XCRemoteSwiftPackageReference section */
		7A7A8EE62A9C9C32000681F6 /* XCRemoteSwiftPackageReference "Alamofire" */ = {
			isa = XCRemoteSwiftPackageReference;
			repositoryURL = "https://github.com/Alamofire/Alamofire.git";
			requirement = {
				kind = upToNextMajorVersion;
				minimumVersion = 5.0.0;
			};
		};
		7A7A8EE92A9C9C44000681F6 /* XCRemoteSwiftPackageReference "TinyConstraints" */ = {
			isa = XCRemoteSwiftPackageReference;
			repositoryURL = "https://github.com/roberthein/TinyConstraints.git";
			requirement = {
				kind = upToNextMajorVersion;
				minimumVersion = 4.0.0;
			};
		};
		7A7A8EEC2A9C9C55000681F6 /* XCRemoteSwiftPackageReference "SnapKit" */ = {
			isa = XCRemoteSwiftPackageReference;
			repositoryURL = "https://github.com/SnapKit/SnapKit.git";
			requirement = {
				kind = upToNextMajorVersion;
				minimumVersion = 5.0.0;
			};
		};
		7A7A8EEF2A9C9C8D000681F6 /* XCRemoteSwiftPackageReference "Kingfisher" */ = {
			isa = XCRemoteSwiftPackageReference;
			repositoryURL = "https://github.com/onevcat/Kingfisher.git";
			requirement = {
				kind = upToNextMajorVersion;
				minimumVersion = 7.0.0;
			};
		};
		86227FD12AB2F808000D6396 /* XCRemoteSwiftPackageReference "IQKeyboardManager" */ = {
			isa = XCRemoteSwiftPackageReference;
			repositoryURL = "https://github.com/hackiftekhar/IQKeyboardManager.git";
			requirement = {
				kind = upToNextMajorVersion;
				minimumVersion = 6.0.0;
			};
		};
/* End XCRemoteSwiftPackageReference section */

/* Begin XCSwiftPackageProductDependency section */
		7A7A8EE72A9C9C32000681F6 /* Alamofire */ = {
			isa = XCSwiftPackageProductDependency;
			package = 7A7A8EE62A9C9C32000681F6 /* XCRemoteSwiftPackageReference "Alamofire" */;
			productName = Alamofire;
		};
		7A7A8EEA2A9C9C44000681F6 /* TinyConstraints */ = {
			isa = XCSwiftPackageProductDependency;
			package = 7A7A8EE92A9C9C44000681F6 /* XCRemoteSwiftPackageReference "TinyConstraints" */;
			productName = TinyConstraints;
		};
		7A7A8EED2A9C9C55000681F6 /* SnapKit */ = {
			isa = XCSwiftPackageProductDependency;
			package = 7A7A8EEC2A9C9C55000681F6 /* XCRemoteSwiftPackageReference "SnapKit" */;
			productName = SnapKit;
		};
		7A7A8EF02A9C9C8D000681F6 /* Kingfisher */ = {
			isa = XCSwiftPackageProductDependency;
			package = 7A7A8EEF2A9C9C8D000681F6 /* XCRemoteSwiftPackageReference "Kingfisher" */;
			productName = Kingfisher;
		};
		86227FD22AB2F809000D6396 /* IQKeyboardManagerSwift */ = {
			isa = XCSwiftPackageProductDependency;
			package = 86227FD12AB2F808000D6396 /* XCRemoteSwiftPackageReference "IQKeyboardManager" */;
			productName = IQKeyboardManagerSwift;
		};
/* End XCSwiftPackageProductDependency section */
	};
	rootObject = 7A7A8EB12A9C9B78000681F6 /* Project object */;
}
